
Microsoft Visual Studio Solution File, Format Version 12.00
# Visual Studio Version 17
VisualStudioVersion = 17.5.002.0
MinimumVisualStudioVersion = 10.0.40219.1
Project("{2150E333-8FDC-42A3-9474-1A3956D46DE8}") = "Aula1", "Aula1", "{32D0AECF-B732-4E4F-9B4D-17AE2F64B33D}"
EndProject
Project("{9A19103F-16F7-4668-BE54-9A1E7A4F7556}") = "Exemplo1", "Aula1\Exemplo1\Exemplo1.csproj", "{E9A51CA0-9CD1-45D6-80F9-817BCC699CDA}"
EndProject
Project("{FAE04EC0-301F-11D3-BF4B-00C04F79EFBC}") = "Aula2", "Aula2\Aula2.csproj", "{90B01C6F-4E7C-44C5-8124-3B89C713E519}"
EndProject
Project("{FAE04EC0-301F-11D3-BF4B-00C04F79EFBC}") = "Aula3", "Aula3\Aula3.csproj", "{C63B1A28-69AE-402C-AA80-2C8430EBF7FF}"
EndProject
Project("{FAE04EC0-301F-11D3-BF4B-00C04F79EFBC}") = "Aula4", "Aula4\Aula4.csproj", "{A13E49E2-A897-4F33-8CFE-A372F7181BA6}"
EndProject
Project("{FAE04EC0-301F-11D3-BF4B-00C04F79EFBC}") = "Exercicios", "Exercicios\Exercicios.csproj", "{87B5985E-1080-4418-9AC0-D94924F4BDC1}"
EndProject
Project("{FAE04EC0-301F-11D3-BF4B-00C04F79EFBC}") = "Aula5", "Aula5\Aula5.csproj", "{64A4848D-50EE-443D-834C-6076444CACF3}"
EndProject
Project("{FAE04EC0-301F-11D3-BF4B-00C04F79EFBC}") = "Aula10", "Aula10\Aula10.csproj", "{FB51798A-8716-4815-B1FB-5C299772A456}"
EndProject
Project("{FAE04EC0-301F-11D3-BF4B-00C04F79EFBC}") = "Aula9", "Aula9\Aula9.csproj", "{25D262D2-2158-4666-BE10-7473CFEEC8CF}"
EndProject
Project("{FAE04EC0-301F-11D3-BF4B-00C04F79EFBC}") = "Aula7", "Aula7\Aula7.csproj", "{1D3BE4CC-3812-41BC-BED2-58CD3F9BB1CE}"
EndProject
Project("{FAE04EC0-301F-11D3-BF4B-00C04F79EFBC}") = "Aula7Exercicios", "Aula7Exercicios\Aula7Exercicios.csproj", "{6E9F8EEC-31E9-4BF0-BCFF-17D215815613}"
EndProject
Project("{FAE04EC0-301F-11D3-BF4B-00C04F79EFBC}") = "Aula8", "Aula8\Aula8.csproj", "{91DCC2F9-1603-49E5-AAF4-01DEBDEDCE4C}"
EndProject
Project("{FAE04EC0-301F-11D3-BF4B-00C04F79EFBC}") = "Aula8Exercicios", "Aula8Exercicios\Aula8Exercicios.csproj", "{6F99A668-7DEE-467D-A0E0-51EE726C48B0}"
EndProject
Project("{FAE04EC0-301F-11D3-BF4B-00C04F79EFBC}") = "Aula6", "Aula6\Aula6.csproj", "{A2ACE212-93C9-4E61-9A46-58E30B5BC210}"
EndProject
Project("{FAE04EC0-301F-11D3-BF4B-00C04F79EFBC}") = "Aula6_2", "Aula6_2\Aula6_2.csproj", "{E2BA6AD8-D01F-48F2-9D4A-9A92D614270E}"
EndProject
Project("{FAE04EC0-301F-11D3-BF4B-00C04F79EFBC}") = "ExerciciosFuncaoRecursao", "ExerciciosFuncaoRecursao\ExerciciosFuncaoRecursao.csproj", "{40126C54-390C-4082-A049-82FE9198024D}"
EndProject
Project("{FAE04EC0-301F-11D3-BF4B-00C04F79EFBC}") = "Aula11", "Aula11\Aula11.csproj", "{483DE42A-71D9-4D31-AE3D-490F23148278}"
EndProject
Project("{FAE04EC0-301F-11D3-BF4B-00C04F79EFBC}") = "Aula12", "Aula12\Aula12.csproj", "{E12BEAB3-3B7E-43B6-9B67-374B9EDBEE79}"
EndProject
Project("{FAE04EC0-301F-11D3-BF4B-00C04F79EFBC}") = "ExerciciosOrdenacao", "ExerciciosOrdenacao\ExerciciosOrdenacao.csproj", "{FB3F57D5-964C-4D7D-ACD2-2F6BD94BA852}"
EndProject
Project("{FAE04EC0-301F-11D3-BF4B-00C04F79EFBC}") = "DesafioOrdenacao", "DesafioOrdenacao\DesafioOrdenacao.csproj", "{F5127D0D-946C-4360-A283-5122839CED6A}"
EndProject
Project("{FAE04EC0-301F-11D3-BF4B-00C04F79EFBC}") = "Aula13", "Aula13\Aula13.csproj", "{CE69243E-5623-416B-A906-AC54AC82B090}"
EndProject
Project("{FAE04EC0-301F-11D3-BF4B-00C04F79EFBC}") = "Aula14", "Aula14\Aula14.csproj", "{D3880F96-856A-4981-91C8-3739C95284A6}"
EndProject
Project("{FAE04EC0-301F-11D3-BF4B-00C04F79EFBC}") = "Aula14Exercicios", "Aula14Exercicios\Aula14Exercicios.csproj", "{9E73AF0C-F8AB-474A-B0A7-336D492DEC7B}"
EndProject
Project("{FAE04EC0-301F-11D3-BF4B-00C04F79EFBC}") = "Aula15_OO", "Aula15_OO\Aula15_OO.csproj", "{27CAA969-4D47-42A6-B353-679C10FC786A}"
EndProject
Global
	GlobalSection(SolutionConfigurationPlatforms) = preSolution
		Debug|Any CPU = Debug|Any CPU
		Release|Any CPU = Release|Any CPU
	EndGlobalSection
	GlobalSection(ProjectConfigurationPlatforms) = postSolution
		{E9A51CA0-9CD1-45D6-80F9-817BCC699CDA}.Debug|Any CPU.ActiveCfg = Debug|Any CPU
		{E9A51CA0-9CD1-45D6-80F9-817BCC699CDA}.Debug|Any CPU.Build.0 = Debug|Any CPU
		{E9A51CA0-9CD1-45D6-80F9-817BCC699CDA}.Release|Any CPU.ActiveCfg = Release|Any CPU
		{E9A51CA0-9CD1-45D6-80F9-817BCC699CDA}.Release|Any CPU.Build.0 = Release|Any CPU
		{90B01C6F-4E7C-44C5-8124-3B89C713E519}.Debug|Any CPU.ActiveCfg = Debug|Any CPU
		{90B01C6F-4E7C-44C5-8124-3B89C713E519}.Debug|Any CPU.Build.0 = Debug|Any CPU
		{90B01C6F-4E7C-44C5-8124-3B89C713E519}.Release|Any CPU.ActiveCfg = Release|Any CPU
		{90B01C6F-4E7C-44C5-8124-3B89C713E519}.Release|Any CPU.Build.0 = Release|Any CPU
		{C63B1A28-69AE-402C-AA80-2C8430EBF7FF}.Debug|Any CPU.ActiveCfg = Debug|Any CPU
		{C63B1A28-69AE-402C-AA80-2C8430EBF7FF}.Debug|Any CPU.Build.0 = Debug|Any CPU
		{C63B1A28-69AE-402C-AA80-2C8430EBF7FF}.Release|Any CPU.ActiveCfg = Release|Any CPU
		{C63B1A28-69AE-402C-AA80-2C8430EBF7FF}.Release|Any CPU.Build.0 = Release|Any CPU
		{A13E49E2-A897-4F33-8CFE-A372F7181BA6}.Debug|Any CPU.ActiveCfg = Debug|Any CPU
		{A13E49E2-A897-4F33-8CFE-A372F7181BA6}.Debug|Any CPU.Build.0 = Debug|Any CPU
		{A13E49E2-A897-4F33-8CFE-A372F7181BA6}.Release|Any CPU.ActiveCfg = Release|Any CPU
		{A13E49E2-A897-4F33-8CFE-A372F7181BA6}.Release|Any CPU.Build.0 = Release|Any CPU
		{87B5985E-1080-4418-9AC0-D94924F4BDC1}.Debug|Any CPU.ActiveCfg = Debug|Any CPU
		{87B5985E-1080-4418-9AC0-D94924F4BDC1}.Debug|Any CPU.Build.0 = Debug|Any CPU
		{87B5985E-1080-4418-9AC0-D94924F4BDC1}.Release|Any CPU.ActiveCfg = Release|Any CPU
		{87B5985E-1080-4418-9AC0-D94924F4BDC1}.Release|Any CPU.Build.0 = Release|Any CPU
		{64A4848D-50EE-443D-834C-6076444CACF3}.Debug|Any CPU.ActiveCfg = Debug|Any CPU
		{64A4848D-50EE-443D-834C-6076444CACF3}.Debug|Any CPU.Build.0 = Debug|Any CPU
		{64A4848D-50EE-443D-834C-6076444CACF3}.Release|Any CPU.ActiveCfg = Release|Any CPU
		{64A4848D-50EE-443D-834C-6076444CACF3}.Release|Any CPU.Build.0 = Release|Any CPU
		{FB51798A-8716-4815-B1FB-5C299772A456}.Debug|Any CPU.ActiveCfg = Debug|Any CPU
		{FB51798A-8716-4815-B1FB-5C299772A456}.Debug|Any CPU.Build.0 = Debug|Any CPU
		{FB51798A-8716-4815-B1FB-5C299772A456}.Release|Any CPU.ActiveCfg = Release|Any CPU
		{FB51798A-8716-4815-B1FB-5C299772A456}.Release|Any CPU.Build.0 = Release|Any CPU
		{25D262D2-2158-4666-BE10-7473CFEEC8CF}.Debug|Any CPU.ActiveCfg = Debug|Any CPU
		{25D262D2-2158-4666-BE10-7473CFEEC8CF}.Debug|Any CPU.Build.0 = Debug|Any CPU
		{25D262D2-2158-4666-BE10-7473CFEEC8CF}.Release|Any CPU.ActiveCfg = Release|Any CPU
		{25D262D2-2158-4666-BE10-7473CFEEC8CF}.Release|Any CPU.Build.0 = Release|Any CPU
		{1D3BE4CC-3812-41BC-BED2-58CD3F9BB1CE}.Debug|Any CPU.ActiveCfg = Debug|Any CPU
		{1D3BE4CC-3812-41BC-BED2-58CD3F9BB1CE}.Debug|Any CPU.Build.0 = Debug|Any CPU
		{1D3BE4CC-3812-41BC-BED2-58CD3F9BB1CE}.Release|Any CPU.ActiveCfg = Release|Any CPU
		{1D3BE4CC-3812-41BC-BED2-58CD3F9BB1CE}.Release|Any CPU.Build.0 = Release|Any CPU
		{6E9F8EEC-31E9-4BF0-BCFF-17D215815613}.Debug|Any CPU.ActiveCfg = Debug|Any CPU
		{6E9F8EEC-31E9-4BF0-BCFF-17D215815613}.Debug|Any CPU.Build.0 = Debug|Any CPU
		{6E9F8EEC-31E9-4BF0-BCFF-17D215815613}.Release|Any CPU.ActiveCfg = Release|Any CPU
		{6E9F8EEC-31E9-4BF0-BCFF-17D215815613}.Release|Any CPU.Build.0 = Release|Any CPU
		{91DCC2F9-1603-49E5-AAF4-01DEBDEDCE4C}.Debug|Any CPU.ActiveCfg = Debug|Any CPU
		{91DCC2F9-1603-49E5-AAF4-01DEBDEDCE4C}.Debug|Any CPU.Build.0 = Debug|Any CPU
		{91DCC2F9-1603-49E5-AAF4-01DEBDEDCE4C}.Release|Any CPU.ActiveCfg = Release|Any CPU
		{91DCC2F9-1603-49E5-AAF4-01DEBDEDCE4C}.Release|Any CPU.Build.0 = Release|Any CPU
		{6F99A668-7DEE-467D-A0E0-51EE726C48B0}.Debug|Any CPU.ActiveCfg = Debug|Any CPU
		{6F99A668-7DEE-467D-A0E0-51EE726C48B0}.Debug|Any CPU.Build.0 = Debug|Any CPU
		{6F99A668-7DEE-467D-A0E0-51EE726C48B0}.Release|Any CPU.ActiveCfg = Release|Any CPU
		{6F99A668-7DEE-467D-A0E0-51EE726C48B0}.Release|Any CPU.Build.0 = Release|Any CPU
		{A2ACE212-93C9-4E61-9A46-58E30B5BC210}.Debug|Any CPU.ActiveCfg = Debug|Any CPU
		{A2ACE212-93C9-4E61-9A46-58E30B5BC210}.Debug|Any CPU.Build.0 = Debug|Any CPU
		{A2ACE212-93C9-4E61-9A46-58E30B5BC210}.Release|Any CPU.ActiveCfg = Release|Any CPU
		{A2ACE212-93C9-4E61-9A46-58E30B5BC210}.Release|Any CPU.Build.0 = Release|Any CPU
		{E2BA6AD8-D01F-48F2-9D4A-9A92D614270E}.Debug|Any CPU.ActiveCfg = Debug|Any CPU
		{E2BA6AD8-D01F-48F2-9D4A-9A92D614270E}.Debug|Any CPU.Build.0 = Debug|Any CPU
		{E2BA6AD8-D01F-48F2-9D4A-9A92D614270E}.Release|Any CPU.ActiveCfg = Release|Any CPU
		{E2BA6AD8-D01F-48F2-9D4A-9A92D614270E}.Release|Any CPU.Build.0 = Release|Any CPU
		{40126C54-390C-4082-A049-82FE9198024D}.Debug|Any CPU.ActiveCfg = Debug|Any CPU
		{40126C54-390C-4082-A049-82FE9198024D}.Debug|Any CPU.Build.0 = Debug|Any CPU
		{40126C54-390C-4082-A049-82FE9198024D}.Release|Any CPU.ActiveCfg = Release|Any CPU
		{40126C54-390C-4082-A049-82FE9198024D}.Release|Any CPU.Build.0 = Release|Any CPU
		{483DE42A-71D9-4D31-AE3D-490F23148278}.Debug|Any CPU.ActiveCfg = Debug|Any CPU
		{483DE42A-71D9-4D31-AE3D-490F23148278}.Debug|Any CPU.Build.0 = Debug|Any CPU
		{483DE42A-71D9-4D31-AE3D-490F23148278}.Release|Any CPU.ActiveCfg = Release|Any CPU
		{483DE42A-71D9-4D31-AE3D-490F23148278}.Release|Any CPU.Build.0 = Release|Any CPU
		{E12BEAB3-3B7E-43B6-9B67-374B9EDBEE79}.Debug|Any CPU.ActiveCfg = Debug|Any CPU
		{E12BEAB3-3B7E-43B6-9B67-374B9EDBEE79}.Debug|Any CPU.Build.0 = Debug|Any CPU
		{E12BEAB3-3B7E-43B6-9B67-374B9EDBEE79}.Release|Any CPU.ActiveCfg = Release|Any CPU
		{E12BEAB3-3B7E-43B6-9B67-374B9EDBEE79}.Release|Any CPU.Build.0 = Release|Any CPU
		{FB3F57D5-964C-4D7D-ACD2-2F6BD94BA852}.Debug|Any CPU.ActiveCfg = Debug|Any CPU
		{FB3F57D5-964C-4D7D-ACD2-2F6BD94BA852}.Debug|Any CPU.Build.0 = Debug|Any CPU
		{FB3F57D5-964C-4D7D-ACD2-2F6BD94BA852}.Release|Any CPU.ActiveCfg = Release|Any CPU
		{FB3F57D5-964C-4D7D-ACD2-2F6BD94BA852}.Release|Any CPU.Build.0 = Release|Any CPU
		{F5127D0D-946C-4360-A283-5122839CED6A}.Debug|Any CPU.ActiveCfg = Debug|Any CPU
		{F5127D0D-946C-4360-A283-5122839CED6A}.Debug|Any CPU.Build.0 = Debug|Any CPU
		{F5127D0D-946C-4360-A283-5122839CED6A}.Release|Any CPU.ActiveCfg = Release|Any CPU
		{F5127D0D-946C-4360-A283-5122839CED6A}.Release|Any CPU.Build.0 = Release|Any CPU
		{CE69243E-5623-416B-A906-AC54AC82B090}.Debug|Any CPU.ActiveCfg = Debug|Any CPU
		{CE69243E-5623-416B-A906-AC54AC82B090}.Debug|Any CPU.Build.0 = Debug|Any CPU
		{CE69243E-5623-416B-A906-AC54AC82B090}.Release|Any CPU.ActiveCfg = Release|Any CPU
		{CE69243E-5623-416B-A906-AC54AC82B090}.Release|Any CPU.Build.0 = Release|Any CPU
		{D3880F96-856A-4981-91C8-3739C95284A6}.Debug|Any CPU.ActiveCfg = Debug|Any CPU
		{D3880F96-856A-4981-91C8-3739C95284A6}.Debug|Any CPU.Build.0 = Debug|Any CPU
		{D3880F96-856A-4981-91C8-3739C95284A6}.Release|Any CPU.ActiveCfg = Release|Any CPU
		{D3880F96-856A-4981-91C8-3739C95284A6}.Release|Any CPU.Build.0 = Release|Any CPU
		{9E73AF0C-F8AB-474A-B0A7-336D492DEC7B}.Debug|Any CPU.ActiveCfg = Debug|Any CPU
		{9E73AF0C-F8AB-474A-B0A7-336D492DEC7B}.Debug|Any CPU.Build.0 = Debug|Any CPU
		{9E73AF0C-F8AB-474A-B0A7-336D492DEC7B}.Release|Any CPU.ActiveCfg = Release|Any CPU
		{9E73AF0C-F8AB-474A-B0A7-336D492DEC7B}.Release|Any CPU.Build.0 = Release|Any CPU
		{27CAA969-4D47-42A6-B353-679C10FC786A}.Debug|Any CPU.ActiveCfg = Debug|Any CPU
		{27CAA969-4D47-42A6-B353-679C10FC786A}.Debug|Any CPU.Build.0 = Debug|Any CPU
		{27CAA969-4D47-42A6-B353-679C10FC786A}.Release|Any CPU.ActiveCfg = Release|Any CPU
		{27CAA969-4D47-42A6-B353-679C10FC786A}.Release|Any CPU.Build.0 = Release|Any CPU
	EndGlobalSection
	GlobalSection(SolutionProperties) = preSolution
		HideSolutionNode = FALSE
	EndGlobalSection
	GlobalSection(NestedProjects) = preSolution
		{E9A51CA0-9CD1-45D6-80F9-817BCC699CDA} = {32D0AECF-B732-4E4F-9B4D-17AE2F64B33D}
	EndGlobalSection
	GlobalSection(ExtensibilityGlobals) = postSolution
		SolutionGuid = {1DC51C54-7385-4CEA-B3B4-715FF7A20C96}
	EndGlobalSection
EndGlobal
